
Microsoft Visual Studio Solution File, Format Version 12.00
# Visual Studio Version 16
VisualStudioVersion = 16.0.31729.503
MinimumVisualStudioVersion = 10.0.40219.1
Project("{FAE04EC0-301F-11D3-BF4B-00C04F79EFBC}") = "aspnet2", "aspnet2\aspnet2.csproj", "{3CF9361E-C7B2-445D-9A27-F489683D12D1}"
EndProject
Global
	GlobalSection(SolutionConfigurationPlatforms) = preSolution
		Debug|Any CPU = Debug|Any CPU
		Release|Any CPU = Release|Any CPU
	EndGlobalSection
	GlobalSection(ProjectConfigurationPlatforms) = postSolution
		{3CF9361E-C7B2-445D-9A27-F489683D12D1}.Debug|Any CPU.ActiveCfg = Debug|Any CPU
		{3CF9361E-C7B2-445D-9A27-F489683D12D1}.Debug|Any CPU.Build.0 = Debug|Any CPU
		{3CF9361E-C7B2-445D-9A27-F489683D12D1}.Release|Any CPU.ActiveCfg = Release|Any CPU
		{3CF9361E-C7B2-445D-9A27-F489683D12D1}.Release|Any CPU.Build.0 = Release|Any CPU
	EndGlobalSection
	GlobalSection(SolutionProperties) = preSolution
		HideSolutionNode = FALSE
	EndGlobalSection
	GlobalSection(ExtensibilityGlobals) = postSolution
		SolutionGuid = {5DA0F8F1-83E2-416B-8E73-E2B1EB382438}
	EndGlobalSection
EndGlobal
